
Microsoft Visual Studio Solution File, Format Version 12.00
# Visual Studio Version 16
VisualStudioVersion = 16.0.30804.86
MinimumVisualStudioVersion = 10.0.40219.1
Project("{9A19103F-16F7-4668-BE54-9A1E7A4F7556}") = "BaseDBApp", "BaseDBApp\BaseDBApp.csproj", "{C83303BA-E8C9-47B2-B7C2-9351D8FA93F7}"
EndProject
Project("{2150E333-8FDC-42A3-9474-1A3956D46DE8}") = "CommonAppsMeCore", "CommonAppsMeCore", "{A15410E0-7442-4849-96C2-427EE2315245}"
EndProject
Project("{9A19103F-16F7-4668-BE54-9A1E7A4F7556}") = "Mawa.Lock", "..\..\..\LockProject\00\LockSolution\Mawa.Lock\Mawa.Lock.csproj", "{C9DB06F4-C93C-4CF4-8B7B-6D896172B57B}"
EndProject
Project("{9A19103F-16F7-4668-BE54-9A1E7A4F7556}") = "Mawa.Random", "..\..\..\RandomProject\00\RandomSolution\Mawa.Random\Mawa.Random.csproj", "{E06A2E4B-1467-417F-B438-5CFA085ABFE5}"
EndProject
Project("{9A19103F-16F7-4668-BE54-9A1E7A4F7556}") = "Mawa.BaseApp", "..\..\..\MawaLibsMainProject\00\MawaLibsMainSolution\Mawa.BaseApp\Mawa.BaseApp.csproj", "{C21FB78A-CBD8-436B-B26A-81345A3A154C}"
EndProject
Global
	GlobalSection(SolutionConfigurationPlatforms) = preSolution
		Debug|Any CPU = Debug|Any CPU
		Release|Any CPU = Release|Any CPU
	EndGlobalSection
	GlobalSection(ProjectConfigurationPlatforms) = postSolution
		{C83303BA-E8C9-47B2-B7C2-9351D8FA93F7}.Debug|Any CPU.ActiveCfg = Debug|Any CPU
		{C83303BA-E8C9-47B2-B7C2-9351D8FA93F7}.Debug|Any CPU.Build.0 = Debug|Any CPU
		{C83303BA-E8C9-47B2-B7C2-9351D8FA93F7}.Release|Any CPU.ActiveCfg = Release|Any CPU
		{C83303BA-E8C9-47B2-B7C2-9351D8FA93F7}.Release|Any CPU.Build.0 = Release|Any CPU
		{C9DB06F4-C93C-4CF4-8B7B-6D896172B57B}.Debug|Any CPU.ActiveCfg = Debug|Any CPU
		{C9DB06F4-C93C-4CF4-8B7B-6D896172B57B}.Debug|Any CPU.Build.0 = Debug|Any CPU
		{C9DB06F4-C93C-4CF4-8B7B-6D896172B57B}.Release|Any CPU.ActiveCfg = Release|Any CPU
		{C9DB06F4-C93C-4CF4-8B7B-6D896172B57B}.Release|Any CPU.Build.0 = Release|Any CPU
		{E06A2E4B-1467-417F-B438-5CFA085ABFE5}.Debug|Any CPU.ActiveCfg = Debug|Any CPU
		{E06A2E4B-1467-417F-B438-5CFA085ABFE5}.Debug|Any CPU.Build.0 = Debug|Any CPU
		{E06A2E4B-1467-417F-B438-5CFA085ABFE5}.Release|Any CPU.ActiveCfg = Release|Any CPU
		{E06A2E4B-1467-417F-B438-5CFA085ABFE5}.Release|Any CPU.Build.0 = Release|Any CPU
		{C21FB78A-CBD8-436B-B26A-81345A3A154C}.Debug|Any CPU.ActiveCfg = Debug|Any CPU
		{C21FB78A-CBD8-436B-B26A-81345A3A154C}.Debug|Any CPU.Build.0 = Debug|Any CPU
		{C21FB78A-CBD8-436B-B26A-81345A3A154C}.Release|Any CPU.ActiveCfg = Release|Any CPU
		{C21FB78A-CBD8-436B-B26A-81345A3A154C}.Release|Any CPU.Build.0 = Release|Any CPU
	EndGlobalSection
	GlobalSection(SolutionProperties) = preSolution
		HideSolutionNode = FALSE
	EndGlobalSection
	GlobalSection(NestedProjects) = preSolution
		{C9DB06F4-C93C-4CF4-8B7B-6D896172B57B} = {A15410E0-7442-4849-96C2-427EE2315245}
		{E06A2E4B-1467-417F-B438-5CFA085ABFE5} = {A15410E0-7442-4849-96C2-427EE2315245}
		{C21FB78A-CBD8-436B-B26A-81345A3A154C} = {A15410E0-7442-4849-96C2-427EE2315245}
	EndGlobalSection
	GlobalSection(ExtensibilityGlobals) = postSolution
		SolutionGuid = {5AC77916-FAE5-4C1E-B2EC-FEB27EEA9F13}
	EndGlobalSection
EndGlobal
